
Microsoft Visual Studio Solution File, Format Version 12.00
# Visual Studio Version 17
VisualStudioVersion = 17.11.35219.272
MinimumVisualStudioVersion = 10.0.40219.1
Project("{FAE04EC0-301F-11D3-BF4B-00C04F79EFBC}") = "Calculadora", "Calculadora\Calculadora.csproj", "{DDCDDCE5-3220-42F9-84B6-DC803BB79B1E}"
EndProject
Global
	GlobalSection(SolutionConfigurationPlatforms) = preSolution
		Debug|Any CPU = Debug|Any CPU
		Release|Any CPU = Release|Any CPU
	EndGlobalSection
	GlobalSection(ProjectConfigurationPlatforms) = postSolution
		{DDCDDCE5-3220-42F9-84B6-DC803BB79B1E}.Debug|Any CPU.ActiveCfg = Debug|Any CPU
		{DDCDDCE5-3220-42F9-84B6-DC803BB79B1E}.Debug|Any CPU.Build.0 = Debug|Any CPU
		{DDCDDCE5-3220-42F9-84B6-DC803BB79B1E}.Release|Any CPU.ActiveCfg = Release|Any CPU
		{DDCDDCE5-3220-42F9-84B6-DC803BB79B1E}.Release|Any CPU.Build.0 = Release|Any CPU
	EndGlobalSection
	GlobalSection(SolutionProperties) = preSolution
		HideSolutionNode = FALSE
	EndGlobalSection
	GlobalSection(ExtensibilityGlobals) = postSolution
		SolutionGuid = {B27FC361-9653-4746-803C-AE736A1B9D2F}
	EndGlobalSection
EndGlobal
